
Microsoft Visual Studio Solution File, Format Version 11.00
# Visual Studio 2010
Project("{8BC9CEB8-8B4A-11D0-8D11-00A0C91BC942}") = "LibProject60", "LibProject60\LibProject60.vcxproj", "{18509726-793F-4173-99E8-A8E6FE87BBC8}"
EndProject
Project("{8BC9CEB8-8B4A-11D0-8D11-00A0C91BC942}") = "LibProject71", "LibProject71\LibProject71.vcxproj", "{F6077B37-8A16-479E-98AE-B1AE5E16003B}"
EndProject
Project("{8BC9CEB8-8B4A-11D0-8D11-00A0C91BC942}") = "VS2005CLRProject", "VS2005CLRProject\VS2005CLRProject.vcxproj", "{611098FF-80C2-4A94-B60E-8C77DAEBDA8F}"
EndProject
Project("{8BC9CEB8-8B4A-11D0-8D11-00A0C91BC942}") = "VS6Project", "VS6Project\VS6Project.vcxproj", "{193EB547-ED55-A7E2-B9AA-39381407097D}"
EndProject
Project("{8BC9CEB8-8B4A-11D0-8D11-00A0C91BC942}") = "VS2010MFC", "VS2010MFC\VS2010MFC.vcxproj", "{4DEB86F4-BD87-4E51-ABCA-2D8E4A4DB887}"
EndProject
Project("{8BC9CEB8-8B4A-11D0-8D11-00A0C91BC942}") = "VS60MFC", "VS60MFC\VS60MFC.vcxproj", "{295E8613-2156-AAE6-66D9-711490521822}"
EndProject
Project("{8BC9CEB8-8B4A-11D0-8D11-00A0C91BC942}") = "VS2003MFC", "VS2003MFC\VS2003MFC.vcxproj", "{DEF27AAB-49CF-4E3C-97AD-D1D4B7DE8213}"
EndProject
Project("{8BC9CEB8-8B4A-11D0-8D11-00A0C91BC942}") = "VS2002MFC", "VS2002MFC\VS2002MFC.vcxproj", "{48332BE3-BB7E-49C8-9492-62228E9BC3D8}"
EndProject
Project("{8BC9CEB8-8B4A-11D0-8D11-00A0C91BC942}") = "VS2003WinForm", "VS2003WinForm\VS2003WinForm.vcxproj", "{685FAF94-DB21-469E-A6FB-D3A0ED487513}"
EndProject
Project("{8BC9CEB8-8B4A-11D0-8D11-00A0C91BC942}") = "VS2005WinForm", "VS2005WinForm\VS2005WinForm.vcxproj", "{5323AFE7-456A-462F-A814-127192790860}"
EndProject
Project("{8BC9CEB8-8B4A-11D0-8D11-00A0C91BC942}") = "VS2008WinForm", "VS2008WinForm\VS2008WinForm.vcxproj", "{6E89EB77-1278-461C-86D5-4247591115C7}"
EndProject
Project("{FAE04EC0-301F-11D3-BF4B-00C04F79EFBC}") = "VS2005WinFormCsDotNet30", "VS2005WinFormCsDotNet30\VS2005WinFormCsDotNet30.csproj", "{EFFDAE76-5188-4A87-97F2-F91EFEAA7008}"
EndProject
Project("{8BC9CEB8-8B4A-11D0-8D11-00A0C91BC942}") = "VS2005WinFormDotNet30", "VS2005WinFormDotNet30\VS2005WinFormDotNet30.vcxproj", "{E6734DD7-83AE-4A11-9A88-7F16AB3FB00F}"
EndProject
Project("{8BC9CEB8-8B4A-11D0-8D11-00A0C91BC942}") = "VC6App", "VC6App\VC6App.vcxproj", "{1D0BA6CD-3BC3-E132-E8F0-8016FF98FD6A}"
EndProject
Project("{8BC9CEB8-8B4A-11D0-8D11-00A0C91BC942}") = "VS2005MFC", "VS2005MFC\VS2005MFC.vcxproj", "{160482FF-E456-4282-9811-6B4084E6F9A8}"
EndProject
Global
	GlobalSection(SolutionConfigurationPlatforms) = preSolution
		Debug|Any CPU = Debug|Any CPU
		Debug|Mixed Platforms = Debug|Mixed Platforms
		Debug|Win32 = Debug|Win32
		Debug|x64 = Debug|x64
		Release|Any CPU = Release|Any CPU
		Release|Mixed Platforms = Release|Mixed Platforms
		Release|Win32 = Release|Win32
		Release|x64 = Release|x64
	EndGlobalSection
	GlobalSection(ProjectConfigurationPlatforms) = postSolution
		{18509726-793F-4173-99E8-A8E6FE87BBC8}.Debug|Any CPU.ActiveCfg = Debug|Win32
		{18509726-793F-4173-99E8-A8E6FE87BBC8}.Debug|Mixed Platforms.ActiveCfg = Debug|Win32
		{18509726-793F-4173-99E8-A8E6FE87BBC8}.Debug|Mixed Platforms.Build.0 = Debug|Win32
		{18509726-793F-4173-99E8-A8E6FE87BBC8}.Debug|Win32.ActiveCfg = Debug|Win32
		{18509726-793F-4173-99E8-A8E6FE87BBC8}.Debug|Win32.Build.0 = Debug|Win32
		{18509726-793F-4173-99E8-A8E6FE87BBC8}.Debug|x64.ActiveCfg = Debug|Win32
		{18509726-793F-4173-99E8-A8E6FE87BBC8}.Release|Any CPU.ActiveCfg = Release|Win32
		{18509726-793F-4173-99E8-A8E6FE87BBC8}.Release|Mixed Platforms.ActiveCfg = Release|Win32
		{18509726-793F-4173-99E8-A8E6FE87BBC8}.Release|Mixed Platforms.Build.0 = Release|Win32
		{18509726-793F-4173-99E8-A8E6FE87BBC8}.Release|Win32.ActiveCfg = Release|Win32
		{18509726-793F-4173-99E8-A8E6FE87BBC8}.Release|Win32.Build.0 = Release|Win32
		{18509726-793F-4173-99E8-A8E6FE87BBC8}.Release|x64.ActiveCfg = Release|Win32
		{F6077B37-8A16-479E-98AE-B1AE5E16003B}.Debug|Any CPU.ActiveCfg = Debug|Win32
		{F6077B37-8A16-479E-98AE-B1AE5E16003B}.Debug|Mixed Platforms.ActiveCfg = Debug|Win32
		{F6077B37-8A16-479E-98AE-B1AE5E16003B}.Debug|Mixed Platforms.Build.0 = Debug|Win32
		{F6077B37-8A16-479E-98AE-B1AE5E16003B}.Debug|Win32.ActiveCfg = Debug|Win32
		{F6077B37-8A16-479E-98AE-B1AE5E16003B}.Debug|Win32.Build.0 = Debug|Win32
		{F6077B37-8A16-479E-98AE-B1AE5E16003B}.Debug|x64.ActiveCfg = Debug|Win32
		{F6077B37-8A16-479E-98AE-B1AE5E16003B}.Release|Any CPU.ActiveCfg = Release|Win32
		{F6077B37-8A16-479E-98AE-B1AE5E16003B}.Release|Mixed Platforms.ActiveCfg = Release|Win32
		{F6077B37-8A16-479E-98AE-B1AE5E16003B}.Release|Mixed Platforms.Build.0 = Release|Win32
		{F6077B37-8A16-479E-98AE-B1AE5E16003B}.Release|Win32.ActiveCfg = Release|Win32
		{F6077B37-8A16-479E-98AE-B1AE5E16003B}.Release|Win32.Build.0 = Release|Win32
		{F6077B37-8A16-479E-98AE-B1AE5E16003B}.Release|x64.ActiveCfg = Release|Win32
		{611098FF-80C2-4A94-B60E-8C77DAEBDA8F}.Debug|Any CPU.ActiveCfg = Debug|Win32
		{611098FF-80C2-4A94-B60E-8C77DAEBDA8F}.Debug|Mixed Platforms.ActiveCfg = Debug|Win32
		{611098FF-80C2-4A94-B60E-8C77DAEBDA8F}.Debug|Mixed Platforms.Build.0 = Debug|Win32
		{611098FF-80C2-4A94-B60E-8C77DAEBDA8F}.Debug|Win32.ActiveCfg = Debug|Win32
		{611098FF-80C2-4A94-B60E-8C77DAEBDA8F}.Debug|Win32.Build.0 = Debug|Win32
		{611098FF-80C2-4A94-B60E-8C77DAEBDA8F}.Debug|x64.ActiveCfg = Debug|Win32
		{611098FF-80C2-4A94-B60E-8C77DAEBDA8F}.Release|Any CPU.ActiveCfg = Release|Win32
		{611098FF-80C2-4A94-B60E-8C77DAEBDA8F}.Release|Mixed Platforms.ActiveCfg = Release|Win32
		{611098FF-80C2-4A94-B60E-8C77DAEBDA8F}.Release|Mixed Platforms.Build.0 = Release|Win32
		{611098FF-80C2-4A94-B60E-8C77DAEBDA8F}.Release|Win32.ActiveCfg = Release|Win32
		{611098FF-80C2-4A94-B60E-8C77DAEBDA8F}.Release|Win32.Build.0 = Release|Win32
		{611098FF-80C2-4A94-B60E-8C77DAEBDA8F}.Release|x64.ActiveCfg = Release|Win32
		{193EB547-ED55-A7E2-B9AA-39381407097D}.Debug|Any CPU.ActiveCfg = Debug|Win32
		{193EB547-ED55-A7E2-B9AA-39381407097D}.Debug|Mixed Platforms.ActiveCfg = Debug|Win32
		{193EB547-ED55-A7E2-B9AA-39381407097D}.Debug|Mixed Platforms.Build.0 = Debug|Win32
		{193EB547-ED55-A7E2-B9AA-39381407097D}.Debug|Win32.ActiveCfg = Debug|Win32
		{193EB547-ED55-A7E2-B9AA-39381407097D}.Debug|Win32.Build.0 = Debug|Win32
		{193EB547-ED55-A7E2-B9AA-39381407097D}.Debug|x64.ActiveCfg = Debug|Win32
		{193EB547-ED55-A7E2-B9AA-39381407097D}.Release|Any CPU.ActiveCfg = Release|Win32
		{193EB547-ED55-A7E2-B9AA-39381407097D}.Release|Mixed Platforms.ActiveCfg = Release|Win32
		{193EB547-ED55-A7E2-B9AA-39381407097D}.Release|Mixed Platforms.Build.0 = Release|Win32
		{193EB547-ED55-A7E2-B9AA-39381407097D}.Release|Win32.ActiveCfg = Release|Win32
		{193EB547-ED55-A7E2-B9AA-39381407097D}.Release|Win32.Build.0 = Release|Win32
		{193EB547-ED55-A7E2-B9AA-39381407097D}.Release|x64.ActiveCfg = Release|Win32
		{4DEB86F4-BD87-4E51-ABCA-2D8E4A4DB887}.Debug|Any CPU.ActiveCfg = Debug|Win32
		{4DEB86F4-BD87-4E51-ABCA-2D8E4A4DB887}.Debug|Mixed Platforms.ActiveCfg = Debug|Win32
		{4DEB86F4-BD87-4E51-ABCA-2D8E4A4DB887}.Debug|Mixed Platforms.Build.0 = Debug|Win32
		{4DEB86F4-BD87-4E51-ABCA-2D8E4A4DB887}.Debug|Win32.ActiveCfg = Debug|Win32
		{4DEB86F4-BD87-4E51-ABCA-2D8E4A4DB887}.Debug|Win32.Build.0 = Debug|Win32
		{4DEB86F4-BD87-4E51-ABCA-2D8E4A4DB887}.Debug|x64.ActiveCfg = Debug|Win32
		{4DEB86F4-BD87-4E51-ABCA-2D8E4A4DB887}.Release|Any CPU.ActiveCfg = Release|Win32
		{4DEB86F4-BD87-4E51-ABCA-2D8E4A4DB887}.Release|Mixed Platforms.ActiveCfg = Release|Win32
		{4DEB86F4-BD87-4E51-ABCA-2D8E4A4DB887}.Release|Mixed Platforms.Build.0 = Release|Win32
		{4DEB86F4-BD87-4E51-ABCA-2D8E4A4DB887}.Release|Win32.ActiveCfg = Release|Win32
		{4DEB86F4-BD87-4E51-ABCA-2D8E4A4DB887}.Release|Win32.Build.0 = Release|Win32
		{4DEB86F4-BD87-4E51-ABCA-2D8E4A4DB887}.Release|x64.ActiveCfg = Release|Win32
		{295E8613-2156-AAE6-66D9-711490521822}.Debug|Any CPU.ActiveCfg = Debug|Win32
		{295E8613-2156-AAE6-66D9-711490521822}.Debug|Mixed Platforms.ActiveCfg = Debug|Win32
		{295E8613-2156-AAE6-66D9-711490521822}.Debug|Mixed Platforms.Build.0 = Debug|Win32
		{295E8613-2156-AAE6-66D9-711490521822}.Debug|Win32.ActiveCfg = Debug|Win32
		{295E8613-2156-AAE6-66D9-711490521822}.Debug|Win32.Build.0 = Debug|Win32
		{295E8613-2156-AAE6-66D9-711490521822}.Debug|x64.ActiveCfg = Debug|Win32
		{295E8613-2156-AAE6-66D9-711490521822}.Release|Any CPU.ActiveCfg = Release|Win32
		{295E8613-2156-AAE6-66D9-711490521822}.Release|Mixed Platforms.ActiveCfg = Release|Win32
		{295E8613-2156-AAE6-66D9-711490521822}.Release|Mixed Platforms.Build.0 = Release|Win32
		{295E8613-2156-AAE6-66D9-711490521822}.Release|Win32.ActiveCfg = Release|Win32
		{295E8613-2156-AAE6-66D9-711490521822}.Release|Win32.Build.0 = Release|Win32
		{295E8613-2156-AAE6-66D9-711490521822}.Release|x64.ActiveCfg = Release|Win32
		{DEF27AAB-49CF-4E3C-97AD-D1D4B7DE8213}.Debug|Any CPU.ActiveCfg = Debug|Win32
		{DEF27AAB-49CF-4E3C-97AD-D1D4B7DE8213}.Debug|Mixed Platforms.ActiveCfg = Debug|Win32
		{DEF27AAB-49CF-4E3C-97AD-D1D4B7DE8213}.Debug|Mixed Platforms.Build.0 = Debug|Win32
		{DEF27AAB-49CF-4E3C-97AD-D1D4B7DE8213}.Debug|Win32.ActiveCfg = Debug|Win32
		{DEF27AAB-49CF-4E3C-97AD-D1D4B7DE8213}.Debug|Win32.Build.0 = Debug|Win32
		{DEF27AAB-49CF-4E3C-97AD-D1D4B7DE8213}.Debug|x64.ActiveCfg = Debug|Win32
		{DEF27AAB-49CF-4E3C-97AD-D1D4B7DE8213}.Release|Any CPU.ActiveCfg = Release|Win32
		{DEF27AAB-49CF-4E3C-97AD-D1D4B7DE8213}.Release|Mixed Platforms.ActiveCfg = Release|Win32
		{DEF27AAB-49CF-4E3C-97AD-D1D4B7DE8213}.Release|Mixed Platforms.Build.0 = Release|Win32
		{DEF27AAB-49CF-4E3C-97AD-D1D4B7DE8213}.Release|Win32.ActiveCfg = Release|Win32
		{DEF27AAB-49CF-4E3C-97AD-D1D4B7DE8213}.Release|Win32.Build.0 = Release|Win32
		{DEF27AAB-49CF-4E3C-97AD-D1D4B7DE8213}.Release|x64.ActiveCfg = Release|Win32
		{48332BE3-BB7E-49C8-9492-62228E9BC3D8}.Debug|Any CPU.ActiveCfg = Debug|Win32
		{48332BE3-BB7E-49C8-9492-62228E9BC3D8}.Debug|Mixed Platforms.ActiveCfg = Debug|Win32
		{48332BE3-BB7E-49C8-9492-62228E9BC3D8}.Debug|Mixed Platforms.Build.0 = Debug|Win32
		{48332BE3-BB7E-49C8-9492-62228E9BC3D8}.Debug|Win32.ActiveCfg = Debug|Win32
		{48332BE3-BB7E-49C8-9492-62228E9BC3D8}.Debug|Win32.Build.0 = Debug|Win32
		{48332BE3-BB7E-49C8-9492-62228E9BC3D8}.Debug|x64.ActiveCfg = Debug|Win32
		{48332BE3-BB7E-49C8-9492-62228E9BC3D8}.Release|Any CPU.ActiveCfg = Release|Win32
		{48332BE3-BB7E-49C8-9492-62228E9BC3D8}.Release|Mixed Platforms.ActiveCfg = Release|Win32
		{48332BE3-BB7E-49C8-9492-62228E9BC3D8}.Release|Mixed Platforms.Build.0 = Release|Win32
		{48332BE3-BB7E-49C8-9492-62228E9BC3D8}.Release|Win32.ActiveCfg = Release|Win32
		{48332BE3-BB7E-49C8-9492-62228E9BC3D8}.Release|Win32.Build.0 = Release|Win32
		{48332BE3-BB7E-49C8-9492-62228E9BC3D8}.Release|x64.ActiveCfg = Release|Win32
		{685FAF94-DB21-469E-A6FB-D3A0ED487513}.Debug|Any CPU.ActiveCfg = Debug|Win32
		{685FAF94-DB21-469E-A6FB-D3A0ED487513}.Debug|Mixed Platforms.ActiveCfg = Debug|Win32
		{685FAF94-DB21-469E-A6FB-D3A0ED487513}.Debug|Mixed Platforms.Build.0 = Debug|Win32
		{685FAF94-DB21-469E-A6FB-D3A0ED487513}.Debug|Win32.ActiveCfg = Debug|Win32
		{685FAF94-DB21-469E-A6FB-D3A0ED487513}.Debug|Win32.Build.0 = Debug|Win32
		{685FAF94-DB21-469E-A6FB-D3A0ED487513}.Debug|x64.ActiveCfg = Debug|Win32
		{685FAF94-DB21-469E-A6FB-D3A0ED487513}.Release|Any CPU.ActiveCfg = Release|Win32
		{685FAF94-DB21-469E-A6FB-D3A0ED487513}.Release|Mixed Platforms.ActiveCfg = Release|Win32
		{685FAF94-DB21-469E-A6FB-D3A0ED487513}.Release|Mixed Platforms.Build.0 = Release|Win32
		{685FAF94-DB21-469E-A6FB-D3A0ED487513}.Release|Win32.ActiveCfg = Release|Win32
		{685FAF94-DB21-469E-A6FB-D3A0ED487513}.Release|Win32.Build.0 = Release|Win32
		{685FAF94-DB21-469E-A6FB-D3A0ED487513}.Release|x64.ActiveCfg = Release|Win32
		{5323AFE7-456A-462F-A814-127192790860}.Debug|Any CPU.ActiveCfg = Debug|Win32
		{5323AFE7-456A-462F-A814-127192790860}.Debug|Mixed Platforms.ActiveCfg = Debug|Win32
		{5323AFE7-456A-462F-A814-127192790860}.Debug|Mixed Platforms.Build.0 = Debug|Win32
		{5323AFE7-456A-462F-A814-127192790860}.Debug|Win32.ActiveCfg = Debug|Win32
		{5323AFE7-456A-462F-A814-127192790860}.Debug|Win32.Build.0 = Debug|Win32
		{5323AFE7-456A-462F-A814-127192790860}.Debug|x64.ActiveCfg = Debug|Win32
		{5323AFE7-456A-462F-A814-127192790860}.Release|Any CPU.ActiveCfg = Release|Win32
		{5323AFE7-456A-462F-A814-127192790860}.Release|Mixed Platforms.ActiveCfg = Release|Win32
		{5323AFE7-456A-462F-A814-127192790860}.Release|Mixed Platforms.Build.0 = Release|Win32
		{5323AFE7-456A-462F-A814-127192790860}.Release|Win32.ActiveCfg = Release|Win32
		{5323AFE7-456A-462F-A814-127192790860}.Release|Win32.Build.0 = Release|Win32
		{5323AFE7-456A-462F-A814-127192790860}.Release|x64.ActiveCfg = Release|Win32
		{6E89EB77-1278-461C-86D5-4247591115C7}.Debug|Any CPU.ActiveCfg = Debug|Win32
		{6E89EB77-1278-461C-86D5-4247591115C7}.Debug|Mixed Platforms.ActiveCfg = Debug|Win32
		{6E89EB77-1278-461C-86D5-4247591115C7}.Debug|Mixed Platforms.Build.0 = Debug|Win32
		{6E89EB77-1278-461C-86D5-4247591115C7}.Debug|Win32.ActiveCfg = Debug|Win32
		{6E89EB77-1278-461C-86D5-4247591115C7}.Debug|Win32.Build.0 = Debug|Win32
		{6E89EB77-1278-461C-86D5-4247591115C7}.Debug|x64.ActiveCfg = Debug|Win32
		{6E89EB77-1278-461C-86D5-4247591115C7}.Release|Any CPU.ActiveCfg = Release|Win32
		{6E89EB77-1278-461C-86D5-4247591115C7}.Release|Mixed Platforms.ActiveCfg = Release|Win32
		{6E89EB77-1278-461C-86D5-4247591115C7}.Release|Mixed Platforms.Build.0 = Release|Win32
		{6E89EB77-1278-461C-86D5-4247591115C7}.Release|Win32.ActiveCfg = Release|Win32
		{6E89EB77-1278-461C-86D5-4247591115C7}.Release|Win32.Build.0 = Release|Win32
		{6E89EB77-1278-461C-86D5-4247591115C7}.Release|x64.ActiveCfg = Release|Win32
		{EFFDAE76-5188-4A87-97F2-F91EFEAA7008}.Debug|Any CPU.ActiveCfg = Debug|Any CPU
		{EFFDAE76-5188-4A87-97F2-F91EFEAA7008}.Debug|Any CPU.Build.0 = Debug|Any CPU
		{EFFDAE76-5188-4A87-97F2-F91EFEAA7008}.Debug|Mixed Platforms.ActiveCfg = Debug|Any CPU
		{EFFDAE76-5188-4A87-97F2-F91EFEAA7008}.Debug|Mixed Platforms.Build.0 = Debug|Any CPU
		{EFFDAE76-5188-4A87-97F2-F91EFEAA7008}.Debug|Win32.ActiveCfg = Debug|Any CPU
		{EFFDAE76-5188-4A87-97F2-F91EFEAA7008}.Debug|x64.ActiveCfg = Debug|Any CPU
		{EFFDAE76-5188-4A87-97F2-F91EFEAA7008}.Release|Any CPU.ActiveCfg = Release|Any CPU
		{EFFDAE76-5188-4A87-97F2-F91EFEAA7008}.Release|Any CPU.Build.0 = Release|Any CPU
		{EFFDAE76-5188-4A87-97F2-F91EFEAA7008}.Release|Mixed Platforms.ActiveCfg = Release|Any CPU
		{EFFDAE76-5188-4A87-97F2-F91EFEAA7008}.Release|Mixed Platforms.Build.0 = Release|Any CPU
		{EFFDAE76-5188-4A87-97F2-F91EFEAA7008}.Release|Win32.ActiveCfg = Release|Any CPU
		{EFFDAE76-5188-4A87-97F2-F91EFEAA7008}.Release|x64.ActiveCfg = Release|Any CPU
		{E6734DD7-83AE-4A11-9A88-7F16AB3FB00F}.Debug|Any CPU.ActiveCfg = Debug|Win32
		{E6734DD7-83AE-4A11-9A88-7F16AB3FB00F}.Debug|Mixed Platforms.ActiveCfg = Debug|Win32
		{E6734DD7-83AE-4A11-9A88-7F16AB3FB00F}.Debug|Mixed Platforms.Build.0 = Debug|Win32
		{E6734DD7-83AE-4A11-9A88-7F16AB3FB00F}.Debug|Win32.ActiveCfg = Debug|Win32
		{E6734DD7-83AE-4A11-9A88-7F16AB3FB00F}.Debug|Win32.Build.0 = Debug|Win32
		{E6734DD7-83AE-4A11-9A88-7F16AB3FB00F}.Debug|x64.ActiveCfg = Debug|Win32
		{E6734DD7-83AE-4A11-9A88-7F16AB3FB00F}.Release|Any CPU.ActiveCfg = Release|Win32
		{E6734DD7-83AE-4A11-9A88-7F16AB3FB00F}.Release|Mixed Platforms.ActiveCfg = Release|Win32
		{E6734DD7-83AE-4A11-9A88-7F16AB3FB00F}.Release|Mixed Platforms.Build.0 = Release|Win32
		{E6734DD7-83AE-4A11-9A88-7F16AB3FB00F}.Release|Win32.ActiveCfg = Release|Win32
		{E6734DD7-83AE-4A11-9A88-7F16AB3FB00F}.Release|Win32.Build.0 = Release|Win32
		{E6734DD7-83AE-4A11-9A88-7F16AB3FB00F}.Release|x64.ActiveCfg = Release|Win32
		{1D0BA6CD-3BC3-E132-E8F0-8016FF98FD6A}.Debug|Any CPU.ActiveCfg = Debug|Win32
		{1D0BA6CD-3BC3-E132-E8F0-8016FF98FD6A}.Debug|Mixed Platforms.ActiveCfg = Debug|Win32
		{1D0BA6CD-3BC3-E132-E8F0-8016FF98FD6A}.Debug|Mixed Platforms.Build.0 = Debug|Win32
		{1D0BA6CD-3BC3-E132-E8F0-8016FF98FD6A}.Debug|Win32.ActiveCfg = Debug|Win32
		{1D0BA6CD-3BC3-E132-E8F0-8016FF98FD6A}.Debug|Win32.Build.0 = Debug|Win32
		{1D0BA6CD-3BC3-E132-E8F0-8016FF98FD6A}.Debug|x64.ActiveCfg = Debug|Win32
		{1D0BA6CD-3BC3-E132-E8F0-8016FF98FD6A}.Release|Any CPU.ActiveCfg = Release|Win32
		{1D0BA6CD-3BC3-E132-E8F0-8016FF98FD6A}.Release|Mixed Platforms.ActiveCfg = Release|Win32
		{1D0BA6CD-3BC3-E132-E8F0-8016FF98FD6A}.Release|Mixed Platforms.Build.0 = Release|Win32
		{1D0BA6CD-3BC3-E132-E8F0-8016FF98FD6A}.Release|Win32.ActiveCfg = Release|Win32
		{1D0BA6CD-3BC3-E132-E8F0-8016FF98FD6A}.Release|Win32.Build.0 = Release|Win32
		{1D0BA6CD-3BC3-E132-E8F0-8016FF98FD6A}.Release|x64.ActiveCfg = Release|Win32
		{160482FF-E456-4282-9811-6B4084E6F9A8}.Debug|Any CPU.ActiveCfg = Debug|Win32
		{160482FF-E456-4282-9811-6B4084E6F9A8}.Debug|Mixed Platforms.ActiveCfg = Debug|Win32
		{160482FF-E456-4282-9811-6B4084E6F9A8}.Debug|Mixed Platforms.Build.0 = Debug|Win32
		{160482FF-E456-4282-9811-6B4084E6F9A8}.Debug|Win32.ActiveCfg = Debug|Win32
		{160482FF-E456-4282-9811-6B4084E6F9A8}.Debug|Win32.Build.0 = Debug|Win32
		{160482FF-E456-4282-9811-6B4084E6F9A8}.Debug|x64.ActiveCfg = Debug|Win32
		{160482FF-E456-4282-9811-6B4084E6F9A8}.Release|Any CPU.ActiveCfg = Release|Win32
		{160482FF-E456-4282-9811-6B4084E6F9A8}.Release|Mixed Platforms.ActiveCfg = Release|Win32
		{160482FF-E456-4282-9811-6B4084E6F9A8}.Release|Mixed Platforms.Build.0 = Release|Win32
		{160482FF-E456-4282-9811-6B4084E6F9A8}.Release|Win32.ActiveCfg = Release|Win32
		{160482FF-E456-4282-9811-6B4084E6F9A8}.Release|Win32.Build.0 = Release|Win32
		{160482FF-E456-4282-9811-6B4084E6F9A8}.Release|x64.ActiveCfg = Release|Win32
	EndGlobalSection
	GlobalSection(SolutionProperties) = preSolution
		HideSolutionNode = FALSE
	EndGlobalSection
EndGlobal
